
Microsoft Visual Studio Solution File, Format Version 12.00
# Visual Studio Version 17
VisualStudioVersion = 17.11.35303.130
MinimumVisualStudioVersion = 10.0.40219.1
Project("{2150E333-8FDC-42A3-9474-1A3956D46DE8}") = "Task2", "Task2", "{F1C31BCB-C25C-4262-BD82-4650A5F2DE6E}"
EndProject
Project("{2150E333-8FDC-42A3-9474-1A3956D46DE8}") = "Task0", "Task0", "{8EDD4A4F-4C59-4560-8575-B8589582DD16}"
EndProject
Project("{2150E333-8FDC-42A3-9474-1A3956D46DE8}") = "Task1", "Task1", "{63D37BF3-7427-43EE-8883-3980539607E7}"
EndProject
Project("{2150E333-8FDC-42A3-9474-1A3956D46DE8}") = "Task3", "Task3", "{BB33BCB4-BB46-43CC-97FA-9610C38B38C2}"
EndProject
Project("{2150E333-8FDC-42A3-9474-1A3956D46DE8}") = "Task4", "Task4", "{030B0659-4571-4E0F-B2FC-0F4EA4EB6A99}"
EndProject
Project("{2150E333-8FDC-42A3-9474-1A3956D46DE8}") = "Task5", "Task5", "{155ED4C5-E0E2-4B4A-B585-C75EC666EFA7}"
EndProject
Project("{2150E333-8FDC-42A3-9474-1A3956D46DE8}") = "Task6", "Task6", "{C2E72404-EA35-4D91-990F-7C376E13F140}"
EndProject
Project("{2150E333-8FDC-42A3-9474-1A3956D46DE8}") = "Task7", "Task7", "{28549974-234D-429E-95B1-192C5007DAB6}"
EndProject
Project("{9A19103F-16F7-4668-BE54-9A1E7A4F7556}") = "Tyuiu.KozachokNA.Sprint2.Task0.V10.Lib", "Tyuiu.KozachokNA.Sprint2.Task0.V10.Lib\Tyuiu.KozachokNA.Sprint2.Task0.V10.Lib.csproj", "{E3515262-6E7B-46FC-8B76-0E424621D985}"
EndProject
Project("{9A19103F-16F7-4668-BE54-9A1E7A4F7556}") = "Tyuiu.KozachokNA.Sprint2.Task0.V10.Test", "Tyuiu.KozachokNA.Sprint2.Task0.V10.Test\Tyuiu.KozachokNA.Sprint2.Task0.V10.Test.csproj", "{FE549CCB-2B6D-4006-B4DA-F323369FDB6C}"
EndProject
Project("{9A19103F-16F7-4668-BE54-9A1E7A4F7556}") = "Tyuiu.KozachokNA.Sprint2.Task0.V10", "Tyuiu.KozachokNA.Sprint2.Task0.V10\Tyuiu.KozachokNA.Sprint2.Task0.V10.csproj", "{91C637EA-0775-4FE4-B824-7CD9D6F3CD8B}"
EndProject
Project("{FAE04EC0-301F-11D3-BF4B-00C04F79EFBC}") = "Tyuiu.KozachokNA.Sprint2.Task1.V23.Lib", "Tyuiu.KozachokNA.Sprint2.Task1.V23.Lib\Tyuiu.KozachokNA.Sprint2.Task1.V23.Lib.csproj", "{90671C92-A999-4EB9-9006-54DB6F34291E}"
EndProject
Project("{FAE04EC0-301F-11D3-BF4B-00C04F79EFBC}") = "Tyuiu.KozachokNA.Sprint2.Task2.V16.Lib", "Tyuiu.KozachokNA.Sprint2.Task2.V16.Lib\Tyuiu.KozachokNA.Sprint2.Task2.V16.Lib.csproj", "{3261F9EA-A071-4771-96F3-2973BFD7F693}"
EndProject
Project("{FAE04EC0-301F-11D3-BF4B-00C04F79EFBC}") = "Tyuiu.KozachokNA.Sprint2.Task3.V11.Lib", "Tyuiu.KozachokNA.Sprint2.Task3.V11.Lib\Tyuiu.KozachokNA.Sprint2.Task3.V11.Lib.csproj", "{57227372-FE70-4CF7-B4C7-34D00FC5750B}"
EndProject
Project("{FAE04EC0-301F-11D3-BF4B-00C04F79EFBC}") = "Tyuiu.KozachokNA.Sprint2.Task4.V14.Lib", "Tyuiu.KozachokNA.Sprint2.Task4.V14.Lib\Tyuiu.KozachokNA.Sprint2.Task4.V14.Lib.csproj", "{3B12CD43-7B02-4035-8551-A32C74C26520}"
EndProject
Project("{FAE04EC0-301F-11D3-BF4B-00C04F79EFBC}") = "Tyuiu.KozachokNA.Sprint2.Task5.V4.Lib", "Tyuiu.KozachokNA.Sprint2.Task5.V4.Lib\Tyuiu.KozachokNA.Sprint2.Task5.V4.Lib.csproj", "{33BC0F42-A0EE-465B-A102-5EC9636A73F8}"
EndProject
Project("{FAE04EC0-301F-11D3-BF4B-00C04F79EFBC}") = "Tyuiu.KozachokNA.Sprint2.Task6.V9.Lib", "Tyuiu.KozachokNA.Sprint2.Task6.V9.Lib\Tyuiu.KozachokNA.Sprint2.Task6.V9.Lib.csproj", "{01433692-A3E6-40A1-8EE3-14E271CB34DF}"
EndProject
Project("{FAE04EC0-301F-11D3-BF4B-00C04F79EFBC}") = "Tyuiu.KozachokNA.Sprint2.Task7.V13.Lib", "Tyuiu.KozachokNA.Sprint2.Task7.V13.Lib\Tyuiu.KozachokNA.Sprint2.Task7.V13.Lib.csproj", "{F500837F-FCF9-469A-B383-1F99BEED5540}"
EndProject
Global
	GlobalSection(SolutionConfigurationPlatforms) = preSolution
		Debug|Any CPU = Debug|Any CPU
		Release|Any CPU = Release|Any CPU
	EndGlobalSection
	GlobalSection(ProjectConfigurationPlatforms) = postSolution
		{E3515262-6E7B-46FC-8B76-0E424621D985}.Debug|Any CPU.ActiveCfg = Debug|Any CPU
		{E3515262-6E7B-46FC-8B76-0E424621D985}.Debug|Any CPU.Build.0 = Debug|Any CPU
		{E3515262-6E7B-46FC-8B76-0E424621D985}.Release|Any CPU.ActiveCfg = Release|Any CPU
		{E3515262-6E7B-46FC-8B76-0E424621D985}.Release|Any CPU.Build.0 = Release|Any CPU
		{FE549CCB-2B6D-4006-B4DA-F323369FDB6C}.Debug|Any CPU.ActiveCfg = Debug|Any CPU
		{FE549CCB-2B6D-4006-B4DA-F323369FDB6C}.Debug|Any CPU.Build.0 = Debug|Any CPU
		{FE549CCB-2B6D-4006-B4DA-F323369FDB6C}.Release|Any CPU.ActiveCfg = Release|Any CPU
		{FE549CCB-2B6D-4006-B4DA-F323369FDB6C}.Release|Any CPU.Build.0 = Release|Any CPU
		{91C637EA-0775-4FE4-B824-7CD9D6F3CD8B}.Debug|Any CPU.ActiveCfg = Debug|Any CPU
		{91C637EA-0775-4FE4-B824-7CD9D6F3CD8B}.Debug|Any CPU.Build.0 = Debug|Any CPU
		{91C637EA-0775-4FE4-B824-7CD9D6F3CD8B}.Release|Any CPU.ActiveCfg = Release|Any CPU
		{91C637EA-0775-4FE4-B824-7CD9D6F3CD8B}.Release|Any CPU.Build.0 = Release|Any CPU
		{90671C92-A999-4EB9-9006-54DB6F34291E}.Debug|Any CPU.ActiveCfg = Debug|Any CPU
		{90671C92-A999-4EB9-9006-54DB6F34291E}.Debug|Any CPU.Build.0 = Debug|Any CPU
		{90671C92-A999-4EB9-9006-54DB6F34291E}.Release|Any CPU.ActiveCfg = Release|Any CPU
		{90671C92-A999-4EB9-9006-54DB6F34291E}.Release|Any CPU.Build.0 = Release|Any CPU
		{3261F9EA-A071-4771-96F3-2973BFD7F693}.Debug|Any CPU.ActiveCfg = Debug|Any CPU
		{3261F9EA-A071-4771-96F3-2973BFD7F693}.Debug|Any CPU.Build.0 = Debug|Any CPU
		{3261F9EA-A071-4771-96F3-2973BFD7F693}.Release|Any CPU.ActiveCfg = Release|Any CPU
		{3261F9EA-A071-4771-96F3-2973BFD7F693}.Release|Any CPU.Build.0 = Release|Any CPU
		{57227372-FE70-4CF7-B4C7-34D00FC5750B}.Debug|Any CPU.ActiveCfg = Debug|Any CPU
		{57227372-FE70-4CF7-B4C7-34D00FC5750B}.Debug|Any CPU.Build.0 = Debug|Any CPU
		{57227372-FE70-4CF7-B4C7-34D00FC5750B}.Release|Any CPU.ActiveCfg = Release|Any CPU
		{57227372-FE70-4CF7-B4C7-34D00FC5750B}.Release|Any CPU.Build.0 = Release|Any CPU
		{3B12CD43-7B02-4035-8551-A32C74C26520}.Debug|Any CPU.ActiveCfg = Debug|Any CPU
		{3B12CD43-7B02-4035-8551-A32C74C26520}.Debug|Any CPU.Build.0 = Debug|Any CPU
		{3B12CD43-7B02-4035-8551-A32C74C26520}.Release|Any CPU.ActiveCfg = Release|Any CPU
		{3B12CD43-7B02-4035-8551-A32C74C26520}.Release|Any CPU.Build.0 = Release|Any CPU
		{33BC0F42-A0EE-465B-A102-5EC9636A73F8}.Debug|Any CPU.ActiveCfg = Debug|Any CPU
		{33BC0F42-A0EE-465B-A102-5EC9636A73F8}.Debug|Any CPU.Build.0 = Debug|Any CPU
		{33BC0F42-A0EE-465B-A102-5EC9636A73F8}.Release|Any CPU.ActiveCfg = Release|Any CPU
		{33BC0F42-A0EE-465B-A102-5EC9636A73F8}.Release|Any CPU.Build.0 = Release|Any CPU
		{01433692-A3E6-40A1-8EE3-14E271CB34DF}.Debug|Any CPU.ActiveCfg = Debug|Any CPU
		{01433692-A3E6-40A1-8EE3-14E271CB34DF}.Debug|Any CPU.Build.0 = Debug|Any CPU
		{01433692-A3E6-40A1-8EE3-14E271CB34DF}.Release|Any CPU.ActiveCfg = Release|Any CPU
		{01433692-A3E6-40A1-8EE3-14E271CB34DF}.Release|Any CPU.Build.0 = Release|Any CPU
		{F500837F-FCF9-469A-B383-1F99BEED5540}.Debug|Any CPU.ActiveCfg = Debug|Any CPU
		{F500837F-FCF9-469A-B383-1F99BEED5540}.Debug|Any CPU.Build.0 = Debug|Any CPU
		{F500837F-FCF9-469A-B383-1F99BEED5540}.Release|Any CPU.ActiveCfg = Release|Any CPU
		{F500837F-FCF9-469A-B383-1F99BEED5540}.Release|Any CPU.Build.0 = Release|Any CPU
	EndGlobalSection
	GlobalSection(SolutionProperties) = preSolution
		HideSolutionNode = FALSE
	EndGlobalSection
	GlobalSection(NestedProjects) = preSolution
		{E3515262-6E7B-46FC-8B76-0E424621D985} = {8EDD4A4F-4C59-4560-8575-B8589582DD16}
		{FE549CCB-2B6D-4006-B4DA-F323369FDB6C} = {8EDD4A4F-4C59-4560-8575-B8589582DD16}
		{91C637EA-0775-4FE4-B824-7CD9D6F3CD8B} = {8EDD4A4F-4C59-4560-8575-B8589582DD16}
		{90671C92-A999-4EB9-9006-54DB6F34291E} = {63D37BF3-7427-43EE-8883-3980539607E7}
		{3261F9EA-A071-4771-96F3-2973BFD7F693} = {F1C31BCB-C25C-4262-BD82-4650A5F2DE6E}
		{57227372-FE70-4CF7-B4C7-34D00FC5750B} = {BB33BCB4-BB46-43CC-97FA-9610C38B38C2}
		{3B12CD43-7B02-4035-8551-A32C74C26520} = {030B0659-4571-4E0F-B2FC-0F4EA4EB6A99}
		{33BC0F42-A0EE-465B-A102-5EC9636A73F8} = {155ED4C5-E0E2-4B4A-B585-C75EC666EFA7}
		{01433692-A3E6-40A1-8EE3-14E271CB34DF} = {C2E72404-EA35-4D91-990F-7C376E13F140}
		{F500837F-FCF9-469A-B383-1F99BEED5540} = {28549974-234D-429E-95B1-192C5007DAB6}
	EndGlobalSection
	GlobalSection(ExtensibilityGlobals) = postSolution
		SolutionGuid = {789DC3EA-8CB3-4EB6-9316-430DD8B5615D}
	EndGlobalSection
EndGlobal
